
Microsoft Visual Studio Solution File, Format Version 12.00
# Visual Studio Version 17
VisualStudioVersion = 17.14.36408.4
MinimumVisualStudioVersion = 10.0.40219.1
Project("{FAE04EC0-301F-11D3-BF4B-00C04F79EFBC}") = "ModularMonolithPoC.AppHost", "ModularMonolithPoC.AppHost\ModularMonolithPoC.AppHost.csproj", "{5BC51D74-4C52-466A-84F2-7D0960BBF319}"
EndProject
Project("{FAE04EC0-301F-11D3-BF4B-00C04F79EFBC}") = "ModularMonolithPoC.ServiceDefaults", "ModularMonolithPoC.ServiceDefaults\ModularMonolithPoC.ServiceDefaults.csproj", "{1498CCC6-9662-1682-6980-5410D699C676}"
EndProject
Project("{FAE04EC0-301F-11D3-BF4B-00C04F79EFBC}") = "ModularMonolithPoC.ApiService", "ModularMonolithPoC.ApiService\ModularMonolithPoC.ApiService.csproj", "{A738E39A-C76E-EE92-B558-11F13F02BEBE}"
EndProject
Project("{FAE04EC0-301F-11D3-BF4B-00C04F79EFBC}") = "ModularMonolithPoC.Web", "ModularMonolithPoC.Web\ModularMonolithPoC.Web.csproj", "{6B43171D-09F7-4393-6B66-ACE8BB7FEBCA}"
EndProject
Project("{FAE04EC0-301F-11D3-BF4B-00C04F79EFBC}") = "ModularMonolithPoC.Tests", "ModularMonolithPoC.Tests\ModularMonolithPoC.Tests.csproj", "{1F47E3F1-4ECC-6155-8C05-6BEAC6FF18AD}"
EndProject
Global
	GlobalSection(SolutionConfigurationPlatforms) = preSolution
		Debug|Any CPU = Debug|Any CPU
		Release|Any CPU = Release|Any CPU
	EndGlobalSection
	GlobalSection(ProjectConfigurationPlatforms) = postSolution
		{5BC51D74-4C52-466A-84F2-7D0960BBF319}.Debug|Any CPU.ActiveCfg = Debug|Any CPU
		{5BC51D74-4C52-466A-84F2-7D0960BBF319}.Debug|Any CPU.Build.0 = Debug|Any CPU
		{5BC51D74-4C52-466A-84F2-7D0960BBF319}.Release|Any CPU.ActiveCfg = Release|Any CPU
		{5BC51D74-4C52-466A-84F2-7D0960BBF319}.Release|Any CPU.Build.0 = Release|Any CPU
		{1498CCC6-9662-1682-6980-5410D699C676}.Debug|Any CPU.ActiveCfg = Debug|Any CPU
		{1498CCC6-9662-1682-6980-5410D699C676}.Debug|Any CPU.Build.0 = Debug|Any CPU
		{1498CCC6-9662-1682-6980-5410D699C676}.Release|Any CPU.ActiveCfg = Release|Any CPU
		{1498CCC6-9662-1682-6980-5410D699C676}.Release|Any CPU.Build.0 = Release|Any CPU
		{A738E39A-C76E-EE92-B558-11F13F02BEBE}.Debug|Any CPU.ActiveCfg = Debug|Any CPU
		{A738E39A-C76E-EE92-B558-11F13F02BEBE}.Debug|Any CPU.Build.0 = Debug|Any CPU
		{A738E39A-C76E-EE92-B558-11F13F02BEBE}.Release|Any CPU.ActiveCfg = Release|Any CPU
		{A738E39A-C76E-EE92-B558-11F13F02BEBE}.Release|Any CPU.Build.0 = Release|Any CPU
		{6B43171D-09F7-4393-6B66-ACE8BB7FEBCA}.Debug|Any CPU.ActiveCfg = Debug|Any CPU
		{6B43171D-09F7-4393-6B66-ACE8BB7FEBCA}.Debug|Any CPU.Build.0 = Debug|Any CPU
		{6B43171D-09F7-4393-6B66-ACE8BB7FEBCA}.Release|Any CPU.ActiveCfg = Release|Any CPU
		{6B43171D-09F7-4393-6B66-ACE8BB7FEBCA}.Release|Any CPU.Build.0 = Release|Any CPU
		{1F47E3F1-4ECC-6155-8C05-6BEAC6FF18AD}.Debug|Any CPU.ActiveCfg = Debug|Any CPU
		{1F47E3F1-4ECC-6155-8C05-6BEAC6FF18AD}.Debug|Any CPU.Build.0 = Debug|Any CPU
		{1F47E3F1-4ECC-6155-8C05-6BEAC6FF18AD}.Release|Any CPU.ActiveCfg = Release|Any CPU
		{1F47E3F1-4ECC-6155-8C05-6BEAC6FF18AD}.Release|Any CPU.Build.0 = Release|Any CPU
	EndGlobalSection
	GlobalSection(SolutionProperties) = preSolution
		HideSolutionNode = FALSE
	EndGlobalSection
	GlobalSection(ExtensibilityGlobals) = postSolution
		SolutionGuid = {CBB0309B-B6F3-4C00-BDF5-E9928D11CA19}
	EndGlobalSection
EndGlobal
